{
  "originHash" : "a1bfe888c8f2cbd8b5e477eb9a0de60ac51fdb6fb1859a731078675dc321050c",
  "pins" : [
    {
      "identity" : "hollywood",
      "kind" : "remoteSourceControl",
      "location" : "https://github.com/briancoyner/hollywood",
      "state" : {
        "branch" : "main",
        "revision" : "d9ebed2585ba3176e44f8ea846bd8c85fd71e6b2"
      }
    },
    {
      "identity" : "swift-async-algorithms",
      "kind" : "remoteSourceControl",
      "location" : "https://github.com/apple/swift-async-algorithms.git",
      "state" : {
        "branch" : "main",
        "revision" : "d162617838265e2804f0fc427bed4398f5b1c08b"
      }
    },
    {
      "identity" : "swift-collections",
      "kind" : "remoteSourceControl",
      "location" : "https://github.com/apple/swift-collections.git",
      "state" : {
        "revision" : "94cf62b3ba8d4bed62680a282d4c25f9c63c2efb",
        "version" : "1.1.0"
      }
    }
  ],
  "version" : 3
}
