{
  "pins" : [
    {
      "identity" : "hollywood",
      "kind" : "remoteSourceControl",
      "location" : "https://github.com/briancoyner/hollywood",
      "state" : {
        "branch" : "main",
        "revision" : "fd7e8ea2ff5d9547ccd10790d1c262543cd5fb44"
      }
    },
    {
      "identity" : "swift-async-algorithms",
      "kind" : "remoteSourceControl",
      "location" : "https://github.com/apple/swift-async-algorithms",
      "state" : {
        "branch" : "main",
        "revision" : "cca423ff03ab657062f3781847e65a867b51bb01"
      }
    }
  ],
  "version" : 2
}
