{
  "pins" : [
    {
      "identity" : "hollywood",
      "kind" : "remoteSourceControl",
      "location" : "https://github.com/briancoyner/hollywood",
      "state" : {
        "branch" : "main",
        "revision" : "6b841dadba2ae64966cf5a1ff1dc3f2f8177c3cb"
      }
    }
  ],
  "version" : 2
}
